
Microsoft Visual Studio Solution File, Format Version 12.00
# Visual Studio Version 16
VisualStudioVersion = 16.0.31129.286
MinimumVisualStudioVersion = 10.0.40219.1
Project("{8BC9CEB8-8B4A-11D0-8D11-00A0C91BC942}") = "PM1_conosur", "PM1_conosur.vcxproj", "{4FBC4A13-5896-49E4-BF06-F7576049D2FA}"
EndProject
Global
	GlobalSection(SolutionConfigurationPlatforms) = preSolution
		Debug|x64 = Debug|x64
		Debug|x86 = Debug|x86
		Release|x64 = Release|x64
		Release|x86 = Release|x86
	EndGlobalSection
	GlobalSection(ProjectConfigurationPlatforms) = postSolution
		{4FBC4A13-5896-49E4-BF06-F7576049D2FA}.Debug|x64.ActiveCfg = Debug|x64
		{4FBC4A13-5896-49E4-BF06-F7576049D2FA}.Debug|x64.Build.0 = Debug|x64
		{4FBC4A13-5896-49E4-BF06-F7576049D2FA}.Debug|x86.ActiveCfg = Debug|Win32
		{4FBC4A13-5896-49E4-BF06-F7576049D2FA}.Debug|x86.Build.0 = Debug|Win32
		{4FBC4A13-5896-49E4-BF06-F7576049D2FA}.Release|x64.ActiveCfg = Release|x64
		{4FBC4A13-5896-49E4-BF06-F7576049D2FA}.Release|x64.Build.0 = Release|x64
		{4FBC4A13-5896-49E4-BF06-F7576049D2FA}.Release|x86.ActiveCfg = Release|Win32
		{4FBC4A13-5896-49E4-BF06-F7576049D2FA}.Release|x86.Build.0 = Release|Win32
	EndGlobalSection
	GlobalSection(SolutionProperties) = preSolution
		HideSolutionNode = FALSE
	EndGlobalSection
	GlobalSection(ExtensibilityGlobals) = postSolution
		SolutionGuid = {D7ACF0ED-5F0B-4328-B7E4-F44DD0773BC1}
	EndGlobalSection
EndGlobal
